
Microsoft Visual Studio Solution File, Format Version 12.00
# Visual Studio Version 17
VisualStudioVersion = 17.14.36414.22 d17.14
MinimumVisualStudioVersion = 10.0.40219.1
Project("{FAE04EC0-301F-11D3-BF4B-00C04F79EFBC}") = "Crypto", "Crypto\Crypto.csproj", "{DEBC2F77-C830-4B73-A72D-41996C82C9B2}"
EndProject
Project("{FAE04EC0-301F-11D3-BF4B-00C04F79EFBC}") = "TestConsole", "TestConsole\TestConsole.csproj", "{BEF58E74-9439-23AC-3AC1-4B31F9DE9CAB}"
EndProject
Project("{FAE04EC0-301F-11D3-BF4B-00C04F79EFBC}") = "AsyncTestConsole", "AsyncTestConsole\AsyncTestConsole.csproj", "{1D1AFACD-42B6-8EA6-2215-035379EED028}"
EndProject
Global
	GlobalSection(SolutionConfigurationPlatforms) = preSolution
		Debug|Any CPU = Debug|Any CPU
		Release|Any CPU = Release|Any CPU
	EndGlobalSection
	GlobalSection(ProjectConfigurationPlatforms) = postSolution
		{DEBC2F77-C830-4B73-A72D-41996C82C9B2}.Debug|Any CPU.ActiveCfg = Debug|Any CPU
		{DEBC2F77-C830-4B73-A72D-41996C82C9B2}.Debug|Any CPU.Build.0 = Debug|Any CPU
		{DEBC2F77-C830-4B73-A72D-41996C82C9B2}.Release|Any CPU.ActiveCfg = Release|Any CPU
		{DEBC2F77-C830-4B73-A72D-41996C82C9B2}.Release|Any CPU.Build.0 = Release|Any CPU
		{BEF58E74-9439-23AC-3AC1-4B31F9DE9CAB}.Debug|Any CPU.ActiveCfg = Debug|Any CPU
		{BEF58E74-9439-23AC-3AC1-4B31F9DE9CAB}.Debug|Any CPU.Build.0 = Debug|Any CPU
		{BEF58E74-9439-23AC-3AC1-4B31F9DE9CAB}.Release|Any CPU.ActiveCfg = Release|Any CPU
		{BEF58E74-9439-23AC-3AC1-4B31F9DE9CAB}.Release|Any CPU.Build.0 = Release|Any CPU
		{1D1AFACD-42B6-8EA6-2215-035379EED028}.Debug|Any CPU.ActiveCfg = Debug|Any CPU
		{1D1AFACD-42B6-8EA6-2215-035379EED028}.Debug|Any CPU.Build.0 = Debug|Any CPU
		{1D1AFACD-42B6-8EA6-2215-035379EED028}.Release|Any CPU.ActiveCfg = Release|Any CPU
		{1D1AFACD-42B6-8EA6-2215-035379EED028}.Release|Any CPU.Build.0 = Release|Any CPU
	EndGlobalSection
	GlobalSection(SolutionProperties) = preSolution
		HideSolutionNode = FALSE
	EndGlobalSection
	GlobalSection(ExtensibilityGlobals) = postSolution
		SolutionGuid = {3BC97AEC-6503-4F35-A79C-791EF7B0778B}
	EndGlobalSection
EndGlobal
